Microsoft Visual Studio Solution File, Format Version 12.00
# Visual Studio 2012
Project("{FAE04EC0-301F-11D3-BF4B-00C04F79EFBC}") = "2DPlattformer", "2DPlattformer.csproj", "{2562F22B-0F1B-4706-9164-6222ECC3D47B}"
EndProject
Global
	GlobalSection(SolutionConfigurationPlatforms) = preSolution
	Debug|Any CPU = Debug|Any CPU
	ExportDebug|Any CPU = ExportDebug|Any CPU
	ExportRelease|Any CPU = ExportRelease|Any CPU
	EndGlobalSection
	GlobalSection(ProjectConfigurationPlatforms) = postSolution
		{2562F22B-0F1B-4706-9164-6222ECC3D47B}.Debug|Any CPU.ActiveCfg = Debug|Any CPU
		{2562F22B-0F1B-4706-9164-6222ECC3D47B}.Debug|Any CPU.Build.0 = Debug|Any CPU
		{2562F22B-0F1B-4706-9164-6222ECC3D47B}.ExportDebug|Any CPU.ActiveCfg = ExportDebug|Any CPU
		{2562F22B-0F1B-4706-9164-6222ECC3D47B}.ExportDebug|Any CPU.Build.0 = ExportDebug|Any CPU
		{2562F22B-0F1B-4706-9164-6222ECC3D47B}.ExportRelease|Any CPU.ActiveCfg = ExportRelease|Any CPU
		{2562F22B-0F1B-4706-9164-6222ECC3D47B}.ExportRelease|Any CPU.Build.0 = ExportRelease|Any CPU
	EndGlobalSection
EndGlobal
